<?xml version="1.0" encoding="utf-8"?>

<Project ToolsVersion="14.0" xmlns="http://schemas.microsoft.com/developer/msbuild/2003">
	<ItemGroup>
		<None Include="..\Revive.uplugin" />
		<Filter Include="Source">
			<UniqueIdentifier>{4D719513-8E26-4BD8-9A74-030090935A71}</UniqueIdentifier>
		</Filter>
		<Filter Include="Source\OpenVR">
			<UniqueIdentifier>{0623DBCB-14E9-49C0-A52A-C82FD8C613BA}</UniqueIdentifier>
		</Filter>
		<None Include="..\Source\OpenVR\OpenVR.build.cs">
			<Filter>Source\OpenVR</Filter>
		</None >
		<None Include="..\Source\OpenVR\OpenVR.tps">
			<Filter>Source\OpenVR</Filter>
		</None >
		<Filter Include="Source\Revive">
			<UniqueIdentifier>{B8CF4BA8-4C77-4567-905E-0EF581E4C5CB}</UniqueIdentifier>
		</Filter>
		<None Include="..\Source\Revive\Revive.Build.cs">
			<Filter>Source\Revive</Filter>
		</None >
		<Filter Include="Source\Revive\Private">
			<UniqueIdentifier>{4CF79227-D26D-4DE3-AA69-EE4F79BCEFA3}</UniqueIdentifier>
		</Filter>
		<ClCompile Include="..\Source\Revive\Private\Revive.cpp">
			<Filter>Source\Revive\Private</Filter>
		</ClCompile >
		<ClInclude Include="..\Source\Revive\Private\vtablehook.h">
			<Filter>Source\Revive\Private</Filter>
		</ClInclude >
		<Filter Include="Source\Revive\Public">
			<UniqueIdentifier>{EEB39A6D-FEE2-4942-8284-3104E094B589}</UniqueIdentifier>
		</Filter>
		<ClInclude Include="..\Source\Revive\Public\Revive.h">
			<Filter>Source\Revive\Public</Filter>
		</ClInclude >
		<Filter Include="Source\SteamVR">
			<UniqueIdentifier>{877DF0A7-8729-4973-AFDB-A4A41F800ECD}</UniqueIdentifier>
		</Filter>
		<None Include="..\Source\SteamVR\SteamVR.Build.cs">
			<Filter>Source\SteamVR</Filter>
		</None >
		<Filter Include="Source\SteamVR\Classes">
			<UniqueIdentifier>{F7C90B1D-7DCB-47B5-AE5A-806D0D53A0BA}</UniqueIdentifier>
		</Filter>
		<ClInclude Include="..\Source\SteamVR\Classes\SteamVRChaperoneComponent.h">
			<Filter>Source\SteamVR\Classes</Filter>
		</ClInclude >
		<ClInclude Include="..\Source\SteamVR\Classes\SteamVRFunctionLibrary.h">
			<Filter>Source\SteamVR\Classes</Filter>
		</ClInclude >
		<Filter Include="Source\SteamVR\Private">
			<UniqueIdentifier>{E44983B7-F671-49BF-A01E-873FC938F321}</UniqueIdentifier>
		</Filter>
		<ClCompile Include="..\Source\SteamVR\Private\SteamVRChaperoneComponent.cpp">
			<Filter>Source\SteamVR\Private</Filter>
		</ClCompile >
		<ClCompile Include="..\Source\SteamVR\Private\SteamVRFunctionLibrary.cpp">
			<Filter>Source\SteamVR\Private</Filter>
		</ClCompile >
		<ClCompile Include="..\Source\SteamVR\Private\SteamVRHMD.cpp">
			<Filter>Source\SteamVR\Private</Filter>
		</ClCompile >
		<ClInclude Include="..\Source\SteamVR\Private\SteamVRHMD.h">
			<Filter>Source\SteamVR\Private</Filter>
		</ClInclude >
		<ClInclude Include="..\Source\SteamVR\Private\SteamVRMeshAssets.h">
			<Filter>Source\SteamVR\Private</Filter>
		</ClInclude >
		<ClInclude Include="..\Source\SteamVR\Private\SteamVRPrivate.h">
			<Filter>Source\SteamVR\Private</Filter>
		</ClInclude >
		<ClCompile Include="..\Source\SteamVR\Private\SteamVRRender.cpp">
			<Filter>Source\SteamVR\Private</Filter>
		</ClCompile >
		<ClCompile Include="..\Source\SteamVR\Private\SteamVRSplash.cpp">
			<Filter>Source\SteamVR\Private</Filter>
		</ClCompile >
		<ClInclude Include="..\Source\SteamVR\Private\SteamVRSplash.h">
			<Filter>Source\SteamVR\Private</Filter>
		</ClInclude >
		<ClCompile Include="..\Source\SteamVR\Private\SteamVRStereoLayers.cpp">
			<Filter>Source\SteamVR\Private</Filter>
		</ClCompile >
		<Filter Include="Source\SteamVR\Public">
			<UniqueIdentifier>{6F1D9285-8122-4322-B581-0A16DC436148}</UniqueIdentifier>
		</Filter>
		<ClInclude Include="..\Source\SteamVR\Public\ISteamVRPlugin.h">
			<Filter>Source\SteamVR\Public</Filter>
		</ClInclude >
		<Filter Include="Source\SteamVRController">
			<UniqueIdentifier>{F9037B2D-D125-4AFD-AC1B-CD4A01F2E051}</UniqueIdentifier>
		</Filter>
		<None Include="..\Source\SteamVRController\SteamVRController.Build.cs">
			<Filter>Source\SteamVRController</Filter>
		</None >
		<Filter Include="Source\SteamVRController\Private">
			<UniqueIdentifier>{B8BCE016-65EC-47AE-BA0A-C5706BCCFD7F}</UniqueIdentifier>
		</Filter>
		<ClCompile Include="..\Source\SteamVRController\Private\SteamVRController.cpp">
			<Filter>Source\SteamVRController\Private</Filter>
		</ClCompile >
		<Filter Include="Source\SteamVRController\Public">
			<UniqueIdentifier>{11CB88B9-9760-42EE-AC17-0E8DA15CF066}</UniqueIdentifier>
		</Filter>
		<ClInclude Include="..\Source\SteamVRController\Public\ISteamVRControllerPlugin.h">
			<Filter>Source\SteamVRController\Public</Filter>
		</ClInclude >
	</ItemGroup>
</Project>
