<?xml version="1.0" encoding="utf-8"?>

<Project ToolsVersion="14.0" xmlns="http://schemas.microsoft.com/developer/msbuild/2003">
	<ItemGroup>
		<None Include="..\Revive.uplugin" />
		<Filter Include="Source">
			<UniqueIdentifier>{CEDED2FF-FFB9-4761-B08B-BAC19E30778F}</UniqueIdentifier>
		</Filter>
		<Filter Include="Source\OpenVR">
			<UniqueIdentifier>{D6CA839E-5824-41CF-AB8D-32A48E63C3A1}</UniqueIdentifier>
		</Filter>
		<None Include="..\Source\OpenVR\OpenVR.build.cs">
			<Filter>Source\OpenVR</Filter>
		</None >
		<None Include="..\Source\OpenVR\OpenVR.tps">
			<Filter>Source\OpenVR</Filter>
		</None >
		<Filter Include="Source\Revive">
			<UniqueIdentifier>{A3613DFE-A6E1-4A28-9769-BCCC78C3C178}</UniqueIdentifier>
		</Filter>
		<None Include="..\Source\Revive\Revive.Build.cs">
			<Filter>Source\Revive</Filter>
		</None >
		<Filter Include="Source\Revive\Private">
			<UniqueIdentifier>{AB487106-E7D8-4468-8EAB-FF4C6C284CD6}</UniqueIdentifier>
		</Filter>
		<ClCompile Include="..\Source\Revive\Private\Revive.cpp">
			<Filter>Source\Revive\Private</Filter>
		</ClCompile >
		<ClInclude Include="..\Source\Revive\Private\vtablehook.h">
			<Filter>Source\Revive\Private</Filter>
		</ClInclude >
		<Filter Include="Source\Revive\Public">
			<UniqueIdentifier>{2DAD05EE-C484-47C9-9B0E-2C4403BC4C04}</UniqueIdentifier>
		</Filter>
		<ClInclude Include="..\Source\Revive\Public\Revive.h">
			<Filter>Source\Revive\Public</Filter>
		</ClInclude >
		<Filter Include="Source\SteamVR">
			<UniqueIdentifier>{8F6EBFF1-8F98-43B5-827C-850BB1D6CAFF}</UniqueIdentifier>
		</Filter>
		<None Include="..\Source\SteamVR\SteamVR.Build.cs">
			<Filter>Source\SteamVR</Filter>
		</None >
		<Filter Include="Source\SteamVR\Classes">
			<UniqueIdentifier>{8341A394-691D-4505-88E7-479E97A3EF23}</UniqueIdentifier>
		</Filter>
		<ClInclude Include="..\Source\SteamVR\Classes\SteamVRChaperoneComponent.h">
			<Filter>Source\SteamVR\Classes</Filter>
		</ClInclude >
		<ClInclude Include="..\Source\SteamVR\Classes\SteamVRFunctionLibrary.h">
			<Filter>Source\SteamVR\Classes</Filter>
		</ClInclude >
		<Filter Include="Source\SteamVR\Private">
			<UniqueIdentifier>{03044A37-AC70-48CD-98FC-BD182EBC3666}</UniqueIdentifier>
		</Filter>
		<ClCompile Include="..\Source\SteamVR\Private\SteamVRChaperoneComponent.cpp">
			<Filter>Source\SteamVR\Private</Filter>
		</ClCompile >
		<ClCompile Include="..\Source\SteamVR\Private\SteamVRFunctionLibrary.cpp">
			<Filter>Source\SteamVR\Private</Filter>
		</ClCompile >
		<ClCompile Include="..\Source\SteamVR\Private\SteamVRHMD.cpp">
			<Filter>Source\SteamVR\Private</Filter>
		</ClCompile >
		<ClInclude Include="..\Source\SteamVR\Private\SteamVRHMD.h">
			<Filter>Source\SteamVR\Private</Filter>
		</ClInclude >
		<ClInclude Include="..\Source\SteamVR\Private\SteamVRMeshAssets.h">
			<Filter>Source\SteamVR\Private</Filter>
		</ClInclude >
		<ClInclude Include="..\Source\SteamVR\Private\SteamVRPrivate.h">
			<Filter>Source\SteamVR\Private</Filter>
		</ClInclude >
		<ClCompile Include="..\Source\SteamVR\Private\SteamVRRender.cpp">
			<Filter>Source\SteamVR\Private</Filter>
		</ClCompile >
		<ClCompile Include="..\Source\SteamVR\Private\SteamVRSplash.cpp">
			<Filter>Source\SteamVR\Private</Filter>
		</ClCompile >
		<ClInclude Include="..\Source\SteamVR\Private\SteamVRSplash.h">
			<Filter>Source\SteamVR\Private</Filter>
		</ClInclude >
		<ClCompile Include="..\Source\SteamVR\Private\SteamVRStereoLayers.cpp">
			<Filter>Source\SteamVR\Private</Filter>
		</ClCompile >
		<Filter Include="Source\SteamVR\Public">
			<UniqueIdentifier>{A278D8FE-4A68-4A30-9B06-E9A6F56C042B}</UniqueIdentifier>
		</Filter>
		<ClInclude Include="..\Source\SteamVR\Public\ISteamVRPlugin.h">
			<Filter>Source\SteamVR\Public</Filter>
		</ClInclude >
		<Filter Include="Source\SteamVRController">
			<UniqueIdentifier>{E3072692-3A3C-440C-B289-8A95A9A2478D}</UniqueIdentifier>
		</Filter>
		<None Include="..\Source\SteamVRController\SteamVRController.Build.cs">
			<Filter>Source\SteamVRController</Filter>
		</None >
		<Filter Include="Source\SteamVRController\Private">
			<UniqueIdentifier>{193E285F-039C-40C8-B148-A670097646DC}</UniqueIdentifier>
		</Filter>
		<ClCompile Include="..\Source\SteamVRController\Private\SteamVRController.cpp">
			<Filter>Source\SteamVRController\Private</Filter>
		</ClCompile >
		<Filter Include="Source\SteamVRController\Public">
			<UniqueIdentifier>{81EF1B2B-4CF5-461C-AE43-0EFA9EFAAE66}</UniqueIdentifier>
		</Filter>
		<ClInclude Include="..\Source\SteamVRController\Public\ISteamVRControllerPlugin.h">
			<Filter>Source\SteamVRController\Public</Filter>
		</ClInclude >
	</ItemGroup>
</Project>
