<?xml version="1.0" encoding="utf-8"?>

<Project ToolsVersion="14.0" xmlns="http://schemas.microsoft.com/developer/msbuild/2003">
	<ItemGroup>
		<None Include="..\SteamVR.uplugin" />
		<Filter Include="Source">
			<UniqueIdentifier>{17919A7E-FDEF-4DD3-A2D2-D3CC8D84340E}</UniqueIdentifier>
		</Filter>
		<Filter Include="Source\OpenVR">
			<UniqueIdentifier>{9465FB2A-C29D-4A84-BA2C-390B184BD827}</UniqueIdentifier>
		</Filter>
		<None Include="..\Source\OpenVR\OpenVR.build.cs">
			<Filter>Source\OpenVR</Filter>
		</None >
		<None Include="..\Source\OpenVR\OpenVR.tps">
			<Filter>Source\OpenVR</Filter>
		</None >
		<Filter Include="Source\OpenVR\OpenVRv000">
			<UniqueIdentifier>{6B6D20D0-49AC-4B53-A928-E94F7E5113C6}</UniqueIdentifier>
		</Filter>
		<None Include="..\Source\OpenVR\OpenVRv000\LICENSE">
			<Filter>Source\OpenVR\OpenVRv000</Filter>
		</None >
		<Filter Include="Source\OpenVR\OpenVRv000\bin">
			<UniqueIdentifier>{56BC5A14-DC50-43FB-9951-11A0AC562C78}</UniqueIdentifier>
		</Filter>
		<Filter Include="Source\OpenVR\OpenVRv000\bin\osx32">
			<UniqueIdentifier>{EA1CF231-ABFB-4AE6-AC2C-1D28D9AFB124}</UniqueIdentifier>
		</Filter>
		<None Include="..\Source\OpenVR\OpenVRv000\bin\osx32\libopenvr_api.dylib">
			<Filter>Source\OpenVR\OpenVRv000\bin\osx32</Filter>
		</None >
		<Filter Include="Source\OpenVR\OpenVRv000\bin\win32">
			<UniqueIdentifier>{76569B6F-DB83-43AC-98A1-137C5336EA8D}</UniqueIdentifier>
		</Filter>
		<None Include="..\Source\OpenVR\OpenVRv000\bin\win32\openvr_api.dll">
			<Filter>Source\OpenVR\OpenVRv000\bin\win32</Filter>
		</None >
		<Filter Include="Source\OpenVR\OpenVRv000\bin\win64">
			<UniqueIdentifier>{E80BDDB9-06F8-47F7-B0D8-1E835B5464EB}</UniqueIdentifier>
		</Filter>
		<None Include="..\Source\OpenVR\OpenVRv000\bin\win64\openvr_api.dll">
			<Filter>Source\OpenVR\OpenVRv000\bin\win64</Filter>
		</None >
		<Filter Include="Source\OpenVR\OpenVRv000\headers">
			<UniqueIdentifier>{9B6096B0-31A8-42BF-9436-D8ED158C0C77}</UniqueIdentifier>
		</Filter>
		<ClInclude Include="..\Source\OpenVR\OpenVRv000\headers\openvr.h">
			<Filter>Source\OpenVR\OpenVRv000\headers</Filter>
		</ClInclude >
		<None Include="..\Source\OpenVR\OpenVRv000\headers\openvr_api.cs">
			<Filter>Source\OpenVR\OpenVRv000\headers</Filter>
		</None >
		<None Include="..\Source\OpenVR\OpenVRv000\headers\openvr_api.json">
			<Filter>Source\OpenVR\OpenVRv000\headers</Filter>
		</None >
		<ClInclude Include="..\Source\OpenVR\OpenVRv000\headers\openvr_capi.h">
			<Filter>Source\OpenVR\OpenVRv000\headers</Filter>
		</ClInclude >
		<Filter Include="Source\OpenVR\OpenVRv000\lib">
			<UniqueIdentifier>{BE8E640E-629F-4934-9D93-0CEDA9AD8495}</UniqueIdentifier>
		</Filter>
		<Filter Include="Source\OpenVR\OpenVRv000\lib\win32">
			<UniqueIdentifier>{602BD386-F4FB-4555-B4B9-4BA43ADA8B38}</UniqueIdentifier>
		</Filter>
		<None Include="..\Source\OpenVR\OpenVRv000\lib\win32\openvr_api.lib">
			<Filter>Source\OpenVR\OpenVRv000\lib\win32</Filter>
		</None >
		<Filter Include="Source\OpenVR\OpenVRv000\lib\win64">
			<UniqueIdentifier>{1D299257-DF8E-490C-A10E-27A25C9CEB77}</UniqueIdentifier>
		</Filter>
		<None Include="..\Source\OpenVR\OpenVRv000\lib\win64\openvr_api.lib">
			<Filter>Source\OpenVR\OpenVRv000\lib\win64</Filter>
		</None >
		<Filter Include="Source\OpenVR\OpenVRv0_9_12">
			<UniqueIdentifier>{F1A8973A-F81E-4183-9040-9E5FB8E60016}</UniqueIdentifier>
		</Filter>
		<None Include="..\Source\OpenVR\OpenVRv0_9_12\LICENSE">
			<Filter>Source\OpenVR\OpenVRv0_9_12</Filter>
		</None >
		<Filter Include="Source\OpenVR\OpenVRv0_9_12\bin">
			<UniqueIdentifier>{AB0B7E49-E27C-4CD1-B81E-1AED6FE6A6BA}</UniqueIdentifier>
		</Filter>
		<Filter Include="Source\OpenVR\OpenVRv0_9_12\bin\osx32">
			<UniqueIdentifier>{12F812E2-3342-45A8-AB0F-A6C7E20A0B5F}</UniqueIdentifier>
		</Filter>
		<None Include="..\Source\OpenVR\OpenVRv0_9_12\bin\osx32\libopenvr_api.dylib">
			<Filter>Source\OpenVR\OpenVRv0_9_12\bin\osx32</Filter>
		</None >
		<Filter Include="Source\OpenVR\OpenVRv0_9_12\bin\win32">
			<UniqueIdentifier>{B13B7895-86E6-47BB-94D4-05D41AE3A984}</UniqueIdentifier>
		</Filter>
		<None Include="..\Source\OpenVR\OpenVRv0_9_12\bin\win32\openvr_api.dll">
			<Filter>Source\OpenVR\OpenVRv0_9_12\bin\win32</Filter>
		</None >
		<Filter Include="Source\OpenVR\OpenVRv0_9_12\bin\win64">
			<UniqueIdentifier>{AACA817D-C52B-4BB7-9096-0ABC340F62C4}</UniqueIdentifier>
		</Filter>
		<None Include="..\Source\OpenVR\OpenVRv0_9_12\bin\win64\openvr_api.dll">
			<Filter>Source\OpenVR\OpenVRv0_9_12\bin\win64</Filter>
		</None >
		<Filter Include="Source\OpenVR\OpenVRv0_9_12\headers">
			<UniqueIdentifier>{A2E00307-F0F0-4F88-9132-9306A1BEB9E4}</UniqueIdentifier>
		</Filter>
		<ClInclude Include="..\Source\OpenVR\OpenVRv0_9_12\headers\openvr.h">
			<Filter>Source\OpenVR\OpenVRv0_9_12\headers</Filter>
		</ClInclude >
		<None Include="..\Source\OpenVR\OpenVRv0_9_12\headers\openvr_api.cs">
			<Filter>Source\OpenVR\OpenVRv0_9_12\headers</Filter>
		</None >
		<None Include="..\Source\OpenVR\OpenVRv0_9_12\headers\openvr_api.json">
			<Filter>Source\OpenVR\OpenVRv0_9_12\headers</Filter>
		</None >
		<ClInclude Include="..\Source\OpenVR\OpenVRv0_9_12\headers\openvr_capi.h">
			<Filter>Source\OpenVR\OpenVRv0_9_12\headers</Filter>
		</ClInclude >
		<ClInclude Include="..\Source\OpenVR\OpenVRv0_9_12\headers\openvr_driver.h">
			<Filter>Source\OpenVR\OpenVRv0_9_12\headers</Filter>
		</ClInclude >
		<Filter Include="Source\OpenVR\OpenVRv0_9_12\lib">
			<UniqueIdentifier>{FD037750-5862-4A8A-A858-06BF7392AE54}</UniqueIdentifier>
		</Filter>
		<Filter Include="Source\OpenVR\OpenVRv0_9_12\lib\win32">
			<UniqueIdentifier>{749CDDBE-8FF2-46F8-BAFF-4A23BA30FF87}</UniqueIdentifier>
		</Filter>
		<None Include="..\Source\OpenVR\OpenVRv0_9_12\lib\win32\openvr_api.lib">
			<Filter>Source\OpenVR\OpenVRv0_9_12\lib\win32</Filter>
		</None >
		<Filter Include="Source\OpenVR\OpenVRv0_9_12\lib\win64">
			<UniqueIdentifier>{F37F763E-6417-4369-AB8F-26C2CC804C72}</UniqueIdentifier>
		</Filter>
		<None Include="..\Source\OpenVR\OpenVRv0_9_12\lib\win64\openvr_api.lib">
			<Filter>Source\OpenVR\OpenVRv0_9_12\lib\win64</Filter>
		</None >
		<Filter Include="Source\OpenVR\OpenVRv1_0_2">
			<UniqueIdentifier>{783027D7-999B-46F0-8D88-6918E2E7D768}</UniqueIdentifier>
		</Filter>
		<None Include="..\Source\OpenVR\OpenVRv1_0_2\LICENSE">
			<Filter>Source\OpenVR\OpenVRv1_0_2</Filter>
		</None >
		<Filter Include="Source\OpenVR\OpenVRv1_0_2\bin">
			<UniqueIdentifier>{8929EE1D-8380-49A4-95CA-11EA6164D5DD}</UniqueIdentifier>
		</Filter>
		<Filter Include="Source\OpenVR\OpenVRv1_0_2\bin\osx32">
			<UniqueIdentifier>{AACAE644-B5BD-4A74-8806-F04A6245E7E9}</UniqueIdentifier>
		</Filter>
		<None Include="..\Source\OpenVR\OpenVRv1_0_2\bin\osx32\libopenvr_api.dylib">
			<Filter>Source\OpenVR\OpenVRv1_0_2\bin\osx32</Filter>
		</None >
		<Filter Include="Source\OpenVR\OpenVRv1_0_2\bin\osx32\libopenvr_api.dylib.dSYM">
			<UniqueIdentifier>{DC1BFD17-80FD-492D-824E-F77CC06D1D75}</UniqueIdentifier>
		</Filter>
		<Filter Include="Source\OpenVR\OpenVRv1_0_2\bin\osx32\libopenvr_api.dylib.dSYM\Contents">
			<UniqueIdentifier>{03AD80A6-D2AF-427F-9866-EA7B2D980DBF}</UniqueIdentifier>
		</Filter>
		<None Include="..\Source\OpenVR\OpenVRv1_0_2\bin\osx32\libopenvr_api.dylib.dSYM\Contents\Info.plist">
			<Filter>Source\OpenVR\OpenVRv1_0_2\bin\osx32\libopenvr_api.dylib.dSYM\Contents</Filter>
		</None >
		<Filter Include="Source\OpenVR\OpenVRv1_0_2\bin\osx32\libopenvr_api.dylib.dSYM\Contents\Resources">
			<UniqueIdentifier>{7B06B2CA-69CE-4018-8265-09428E803939}</UniqueIdentifier>
		</Filter>
		<Filter Include="Source\OpenVR\OpenVRv1_0_2\bin\osx32\libopenvr_api.dylib.dSYM\Contents\Resources\DWARF">
			<UniqueIdentifier>{CC7F0FD8-3992-4644-86B9-F62982386927}</UniqueIdentifier>
		</Filter>
		<None Include="..\Source\OpenVR\OpenVRv1_0_2\bin\osx32\libopenvr_api.dylib.dSYM\Contents\Resources\DWARF\libopenvr_api.dylib">
			<Filter>Source\OpenVR\OpenVRv1_0_2\bin\osx32\libopenvr_api.dylib.dSYM\Contents\Resources\DWARF</Filter>
		</None >
		<Filter Include="Source\OpenVR\OpenVRv1_0_2\bin\win32">
			<UniqueIdentifier>{422680F7-2081-451D-95CA-C41DCBE4C608}</UniqueIdentifier>
		</Filter>
		<None Include="..\Source\OpenVR\OpenVRv1_0_2\bin\win32\openvr_api.dll">
			<Filter>Source\OpenVR\OpenVRv1_0_2\bin\win32</Filter>
		</None >
		<Filter Include="Source\OpenVR\OpenVRv1_0_2\bin\win64">
			<UniqueIdentifier>{AB64311E-5133-47AB-B7DF-E17F0EDC3F27}</UniqueIdentifier>
		</Filter>
		<None Include="..\Source\OpenVR\OpenVRv1_0_2\bin\win64\openvr_api.dll">
			<Filter>Source\OpenVR\OpenVRv1_0_2\bin\win64</Filter>
		</None >
		<Filter Include="Source\OpenVR\OpenVRv1_0_2\headers">
			<UniqueIdentifier>{5D050936-0E54-4616-93CA-965CC63C2855}</UniqueIdentifier>
		</Filter>
		<ClInclude Include="..\Source\OpenVR\OpenVRv1_0_2\headers\openvr.h">
			<Filter>Source\OpenVR\OpenVRv1_0_2\headers</Filter>
		</ClInclude >
		<None Include="..\Source\OpenVR\OpenVRv1_0_2\headers\openvr_api.cs">
			<Filter>Source\OpenVR\OpenVRv1_0_2\headers</Filter>
		</None >
		<None Include="..\Source\OpenVR\OpenVRv1_0_2\headers\openvr_api.json">
			<Filter>Source\OpenVR\OpenVRv1_0_2\headers</Filter>
		</None >
		<ClInclude Include="..\Source\OpenVR\OpenVRv1_0_2\headers\openvr_capi.h">
			<Filter>Source\OpenVR\OpenVRv1_0_2\headers</Filter>
		</ClInclude >
		<ClInclude Include="..\Source\OpenVR\OpenVRv1_0_2\headers\openvr_driver.h">
			<Filter>Source\OpenVR\OpenVRv1_0_2\headers</Filter>
		</ClInclude >
		<Filter Include="Source\OpenVR\OpenVRv1_0_2\lib">
			<UniqueIdentifier>{A99EE644-9C50-4392-BB66-F0C5C9106964}</UniqueIdentifier>
		</Filter>
		<Filter Include="Source\OpenVR\OpenVRv1_0_2\lib\osx32">
			<UniqueIdentifier>{B6D6AF9D-07A9-47F2-B0C8-93E5C92CBD7E}</UniqueIdentifier>
		</Filter>
		<None Include="..\Source\OpenVR\OpenVRv1_0_2\lib\osx32\libopenvr_api.dylib">
			<Filter>Source\OpenVR\OpenVRv1_0_2\lib\osx32</Filter>
		</None >
		<Filter Include="Source\OpenVR\OpenVRv1_0_2\lib\win32">
			<UniqueIdentifier>{F65B9F3C-E0F4-4B14-BEA4-5B73782407C2}</UniqueIdentifier>
		</Filter>
		<None Include="..\Source\OpenVR\OpenVRv1_0_2\lib\win32\openvr_api.lib">
			<Filter>Source\OpenVR\OpenVRv1_0_2\lib\win32</Filter>
		</None >
		<Filter Include="Source\OpenVR\OpenVRv1_0_2\lib\win64">
			<UniqueIdentifier>{B243164C-022A-4389-B530-4C35471423C9}</UniqueIdentifier>
		</Filter>
		<None Include="..\Source\OpenVR\OpenVRv1_0_2\lib\win64\openvr_api.lib">
			<Filter>Source\OpenVR\OpenVRv1_0_2\lib\win64</Filter>
		</None >
		<Filter Include="Source\SteamVR">
			<UniqueIdentifier>{DF1D1FC7-A130-4433-8DB5-601F7C4BF72A}</UniqueIdentifier>
		</Filter>
		<None Include="..\Source\SteamVR\SteamVR.Build.cs">
			<Filter>Source\SteamVR</Filter>
		</None >
		<Filter Include="Source\SteamVR\Classes">
			<UniqueIdentifier>{11745C90-3CE7-4876-B0DD-FB7458B364CF}</UniqueIdentifier>
		</Filter>
		<ClInclude Include="..\Source\SteamVR\Classes\SteamVRChaperoneComponent.h">
			<Filter>Source\SteamVR\Classes</Filter>
		</ClInclude >
		<ClInclude Include="..\Source\SteamVR\Classes\SteamVRFunctionLibrary.h">
			<Filter>Source\SteamVR\Classes</Filter>
		</ClInclude >
		<Filter Include="Source\SteamVR\Private">
			<UniqueIdentifier>{03957CF8-0C01-4FC8-8764-D9293200270C}</UniqueIdentifier>
		</Filter>
		<ClCompile Include="..\Source\SteamVR\Private\SteamVRChaperoneComponent.cpp">
			<Filter>Source\SteamVR\Private</Filter>
		</ClCompile >
		<ClCompile Include="..\Source\SteamVR\Private\SteamVRFunctionLibrary.cpp">
			<Filter>Source\SteamVR\Private</Filter>
		</ClCompile >
		<ClCompile Include="..\Source\SteamVR\Private\SteamVRHMD.cpp">
			<Filter>Source\SteamVR\Private</Filter>
		</ClCompile >
		<ClInclude Include="..\Source\SteamVR\Private\SteamVRHMD.h">
			<Filter>Source\SteamVR\Private</Filter>
		</ClInclude >
		<ClInclude Include="..\Source\SteamVR\Private\SteamVRMeshAssets.h">
			<Filter>Source\SteamVR\Private</Filter>
		</ClInclude >
		<ClInclude Include="..\Source\SteamVR\Private\SteamVRPrivate.h">
			<Filter>Source\SteamVR\Private</Filter>
		</ClInclude >
		<ClCompile Include="..\Source\SteamVR\Private\SteamVRRender.cpp">
			<Filter>Source\SteamVR\Private</Filter>
		</ClCompile >
		<ClCompile Include="..\Source\SteamVR\Private\SteamVRSplash.cpp">
			<Filter>Source\SteamVR\Private</Filter>
		</ClCompile >
		<ClInclude Include="..\Source\SteamVR\Private\SteamVRSplash.h">
			<Filter>Source\SteamVR\Private</Filter>
		</ClInclude >
		<ClCompile Include="..\Source\SteamVR\Private\SteamVRStereoLayers.cpp">
			<Filter>Source\SteamVR\Private</Filter>
		</ClCompile >
		<Filter Include="Source\SteamVR\Public">
			<UniqueIdentifier>{C8088B5F-ADBE-4B4F-AEDF-BFECE2510EB5}</UniqueIdentifier>
		</Filter>
		<ClInclude Include="..\Source\SteamVR\Public\ISteamVRPlugin.h">
			<Filter>Source\SteamVR\Public</Filter>
		</ClInclude >
		<Filter Include="Source\SteamVRController">
			<UniqueIdentifier>{569CAF0D-FB9F-4BD4-BE35-42E97CC7D717}</UniqueIdentifier>
		</Filter>
		<None Include="..\Source\SteamVRController\SteamVRController.Build.cs">
			<Filter>Source\SteamVRController</Filter>
		</None >
		<Filter Include="Source\SteamVRController\Private">
			<UniqueIdentifier>{48829F48-2A74-4914-9217-3E6BD4E47724}</UniqueIdentifier>
		</Filter>
		<ClCompile Include="..\Source\SteamVRController\Private\SteamVRController.cpp">
			<Filter>Source\SteamVRController\Private</Filter>
		</ClCompile >
		<Filter Include="Source\SteamVRController\Public">
			<UniqueIdentifier>{8325FC42-C3EF-4924-8C39-B916E99FB48D}</UniqueIdentifier>
		</Filter>
		<ClInclude Include="..\Source\SteamVRController\Public\ISteamVRControllerPlugin.h">
			<Filter>Source\SteamVRController\Public</Filter>
		</ClInclude >
	</ItemGroup>
</Project>
